
Microsoft Visual Studio Solution File, Format Version 12.00
# Visual Studio Version 16
VisualStudioVersion = 16.0.30309.148
MinimumVisualStudioVersion = 10.0.40219.1
Project("{9A19103F-16F7-4668-BE54-9A1E7A4F7556}") = "ConsoleApp1", "..\ConsoleApp1\ConsoleApp1.csproj", "{323CFB6D-15D3-481B-AAF2-553857D413A4}"
EndProject
Project("{9A19103F-16F7-4668-BE54-9A1E7A4F7556}") = "UnitTestProject1", "..\UnitTestProject1\UnitTestProject1.csproj", "{9B2D2DEA-A5A3-430C-91F5-025A56F6C4C1}"
EndProject
Project("{9A19103F-16F7-4668-BE54-9A1E7A4F7556}") = "IdentityService", "IdentityService\IdentityService.csproj", "{D635F585-00D0-4010-B0B2-2AB129B1B23A}"
EndProject
Project("{9A19103F-16F7-4668-BE54-9A1E7A4F7556}") = "IdentityClient", "IdentityClient\IdentityClient.csproj", "{0A6FB3D9-82FB-4D9D-9AAE-7FD8CE46B702}"
EndProject
Project("{9A19103F-16F7-4668-BE54-9A1E7A4F7556}") = "IdentityIOC", "IdentityIOC\IdentityIOC.csproj", "{88580E00-2E4F-4C1F-83F5-98AA5117651A}"
EndProject
Global
	GlobalSection(SolutionConfigurationPlatforms) = preSolution
		Debug|Any CPU = Debug|Any CPU
		Release|Any CPU = Release|Any CPU
	EndGlobalSection
	GlobalSection(ProjectConfigurationPlatforms) = postSolution
		{323CFB6D-15D3-481B-AAF2-553857D413A4}.Debug|Any CPU.ActiveCfg = Debug|Any CPU
		{323CFB6D-15D3-481B-AAF2-553857D413A4}.Debug|Any CPU.Build.0 = Debug|Any CPU
		{323CFB6D-15D3-481B-AAF2-553857D413A4}.Release|Any CPU.ActiveCfg = Release|Any CPU
		{323CFB6D-15D3-481B-AAF2-553857D413A4}.Release|Any CPU.Build.0 = Release|Any CPU
		{9B2D2DEA-A5A3-430C-91F5-025A56F6C4C1}.Debug|Any CPU.ActiveCfg = Debug|Any CPU
		{9B2D2DEA-A5A3-430C-91F5-025A56F6C4C1}.Debug|Any CPU.Build.0 = Debug|Any CPU
		{9B2D2DEA-A5A3-430C-91F5-025A56F6C4C1}.Release|Any CPU.ActiveCfg = Release|Any CPU
		{9B2D2DEA-A5A3-430C-91F5-025A56F6C4C1}.Release|Any CPU.Build.0 = Release|Any CPU
		{D635F585-00D0-4010-B0B2-2AB129B1B23A}.Debug|Any CPU.ActiveCfg = Debug|Any CPU
		{D635F585-00D0-4010-B0B2-2AB129B1B23A}.Debug|Any CPU.Build.0 = Debug|Any CPU
		{D635F585-00D0-4010-B0B2-2AB129B1B23A}.Release|Any CPU.ActiveCfg = Release|Any CPU
		{D635F585-00D0-4010-B0B2-2AB129B1B23A}.Release|Any CPU.Build.0 = Release|Any CPU
		{0A6FB3D9-82FB-4D9D-9AAE-7FD8CE46B702}.Debug|Any CPU.ActiveCfg = Debug|Any CPU
		{0A6FB3D9-82FB-4D9D-9AAE-7FD8CE46B702}.Debug|Any CPU.Build.0 = Debug|Any CPU
		{0A6FB3D9-82FB-4D9D-9AAE-7FD8CE46B702}.Release|Any CPU.ActiveCfg = Release|Any CPU
		{0A6FB3D9-82FB-4D9D-9AAE-7FD8CE46B702}.Release|Any CPU.Build.0 = Release|Any CPU
		{88580E00-2E4F-4C1F-83F5-98AA5117651A}.Debug|Any CPU.ActiveCfg = Debug|Any CPU
		{88580E00-2E4F-4C1F-83F5-98AA5117651A}.Debug|Any CPU.Build.0 = Debug|Any CPU
		{88580E00-2E4F-4C1F-83F5-98AA5117651A}.Release|Any CPU.ActiveCfg = Release|Any CPU
		{88580E00-2E4F-4C1F-83F5-98AA5117651A}.Release|Any CPU.Build.0 = Release|Any CPU
	EndGlobalSection
	GlobalSection(SolutionProperties) = preSolution
		HideSolutionNode = FALSE
	EndGlobalSection
	GlobalSection(ExtensibilityGlobals) = postSolution
		SolutionGuid = {B843FA13-A7EF-44DA-AAD3-6232EA897798}
	EndGlobalSection
EndGlobal
